// !$*UTF8*$!
{
	archiveVersion = 1;
	classes = {
	};
	objectVersion = 48;
	objects = {

/* Begin PBXBuildFile section */
		334F0F9720F26FA20010D4DE /* Assets.swift in Sources */ = {isa = PBXBuildFile; fileRef = 334F0F9620F26FA10010D4DE /* Assets.swift */; };
		334F0F9A20F280380010D4DE /* Localizable.strings in Resources */ = {isa = PBXBuildFile; fileRef = 334F0F9C20F280380010D4DE /* Localizable.strings */; };
		334F0F9F20F281410010D4DE /* Strings.swift in Sources */ = {isa = PBXBuildFile; fileRef = 334F0F9E20F281410010D4DE /* Strings.swift */; };
		33CD2E7B20EC143F006C0E4E /* UserDefaultsHelper.swift in Sources */ = {isa = PBXBuildFile; fileRef = 33CD2E7A20EC143F006C0E4E /* UserDefaultsHelper.swift */; };
		986B89282118AD020063FA7C /* success.json in Resources */ = {isa = PBXBuildFile; fileRef = 986B89272118AD020063FA7C /* success.json */; };
		988B895820ED3312009F04BB /* AlertHelper.swift in Sources */ = {isa = PBXBuildFile; fileRef = 988B895720ED3312009F04BB /* AlertHelper.swift */; };
		988B895A20ED3582009F04BB /* URLSchemeHelper.swift in Sources */ = {isa = PBXBuildFile; fileRef = 988B895920ED3582009F04BB /* URLSchemeHelper.swift */; };
		98A5608B2108CB0500C93C2F /* LoginView.swift in Sources */ = {isa = PBXBuildFile; fileRef = 98A5608A2108CB0500C93C2F /* LoginView.swift */; };
		98A5608D2108E9C100C93C2F /* LoginBiometricView.swift in Sources */ = {isa = PBXBuildFile; fileRef = 98A5608C2108E9C100C93C2F /* LoginBiometricView.swift */; };
		98B4E64F20EA7E3800B6BAC1 /* SuccessViewController.swift in Sources */ = {isa = PBXBuildFile; fileRef = 98B4E64E20EA7E3800B6BAC1 /* SuccessViewController.swift */; };
		98EC52272110BECF00AD84D1 /* Coordinator.swift in Sources */ = {isa = PBXBuildFile; fileRef = 98EC52262110BECF00AD84D1 /* Coordinator.swift */; };
		98EC52292110BF0700AD84D1 /* Presentable.swift in Sources */ = {isa = PBXBuildFile; fileRef = 98EC52282110BF0700AD84D1 /* Presentable.swift */; };
		98EC522C2110BFFF00AD84D1 /* BaseCoordinator.swift in Sources */ = {isa = PBXBuildFile; fileRef = 98EC522B2110BFFF00AD84D1 /* BaseCoordinator.swift */; };
		98EC522F2110C17E00AD84D1 /* CoordinatorFactory.swift in Sources */ = {isa = PBXBuildFile; fileRef = 98EC522E2110C17E00AD84D1 /* CoordinatorFactory.swift */; };
		98EC52322110C1B100AD84D1 /* CoordinatorFactoryImp.swift in Sources */ = {isa = PBXBuildFile; fileRef = 98EC52312110C1B100AD84D1 /* CoordinatorFactoryImp.swift */; };
		98EC52342110C22000AD84D1 /* ApplicationCoordinator.swift in Sources */ = {isa = PBXBuildFile; fileRef = 98EC52332110C22000AD84D1 /* ApplicationCoordinator.swift */; };
		98EC52382110C2F800AD84D1 /* Router.swift in Sources */ = {isa = PBXBuildFile; fileRef = 98EC52372110C2F800AD84D1 /* Router.swift */; };
		98EC523A2110C30800AD84D1 /* RouterImp.swift in Sources */ = {isa = PBXBuildFile; fileRef = 98EC52392110C30800AD84D1 /* RouterImp.swift */; };
		98EC523C2110C40000AD84D1 /* AuthCoordinator.swift in Sources */ = {isa = PBXBuildFile; fileRef = 98EC523B2110C40000AD84D1 /* AuthCoordinator.swift */; };
		98EC523E2110C44800AD84D1 /* ModuleFactory.swift in Sources */ = {isa = PBXBuildFile; fileRef = 98EC523D2110C44800AD84D1 /* ModuleFactory.swift */; };
		98EC52402110C49D00AD84D1 /* BaseView.swift in Sources */ = {isa = PBXBuildFile; fileRef = 98EC523F2110C49D00AD84D1 /* BaseView.swift */; };
		98EC52422110C4D800AD84D1 /* AuthView.swift in Sources */ = {isa = PBXBuildFile; fileRef = 98EC52412110C4D800AD84D1 /* AuthView.swift */; };
		98EC52442110C68C00AD84D1 /* ModuleFactoryImp.swift in Sources */ = {isa = PBXBuildFile; fileRef = 98EC52432110C68C00AD84D1 /* ModuleFactoryImp.swift */; };
		98EC52472110C82700AD84D1 /* StoryboardsEnum.swift in Sources */ = {isa = PBXBuildFile; fileRef = 98EC52462110C82700AD84D1 /* StoryboardsEnum.swift */; };
		98EC524A2110C92500AD84D1 /* UIViewController + Extension.swift in Sources */ = {isa = PBXBuildFile; fileRef = 98EC52492110C92500AD84D1 /* UIViewController + Extension.swift */; };
		98EC524C2110C9E900AD84D1 /* NSObject + Extensions.swift in Sources */ = {isa = PBXBuildFile; fileRef = 98EC524B2110C9E900AD84D1 /* NSObject + Extensions.swift */; };
		98EC52592110D12500AD84D1 /* LogInSuccessView.swift in Sources */ = {isa = PBXBuildFile; fileRef = 98EC52582110D12500AD84D1 /* LogInSuccessView.swift */; };
		98F9DB5820C91BB9007EA879 /* AppDelegate.swift in Sources */ = {isa = PBXBuildFile; fileRef = 98F9DB5720C91BB9007EA879 /* AppDelegate.swift */; };
		98F9DB5A20C91BB9007EA879 /* AuthViewController.swift in Sources */ = {isa = PBXBuildFile; fileRef = 98F9DB5920C91BB9007EA879 /* AuthViewController.swift */; };
		98F9DB5F20C91BBA007EA879 /* Assets.xcassets in Resources */ = {isa = PBXBuildFile; fileRef = 98F9DB5E20C91BBA007EA879 /* Assets.xcassets */; };
		98F9DB6220C91BBA007EA879 /* LaunchScreen.storyboard in Resources */ = {isa = PBXBuildFile; fileRef = 98F9DB6020C91BBA007EA879 /* LaunchScreen.storyboard */; };
		98F9DB8920C91D1B007EA879 /* LocalAuthentication.framework in Frameworks */ = {isa = PBXBuildFile; fileRef = 98F9DB8820C91D1B007EA879 /* LocalAuthentication.framework */; };
		98F9DB8F20C92191007EA879 /* BiometricAuthHelper.swift in Sources */ = {isa = PBXBuildFile; fileRef = 98F9DB8E20C92191007EA879 /* BiometricAuthHelper.swift */; };
		98F9E90A2136D29D0077F8E5 /* Main.storyboard in Resources */ = {isa = PBXBuildFile; fileRef = 98F9E9082136D29D0077F8E5 /* Main.storyboard */; };
		98FC09352112126900A6F04C /* AuthCoordinatorOutput.swift in Sources */ = {isa = PBXBuildFile; fileRef = 98FC09342112126900A6F04C /* AuthCoordinatorOutput.swift */; };
		98FC09372112186A00A6F04C /* Auth.storyboard in Resources */ = {isa = PBXBuildFile; fileRef = 98FC09362112186A00A6F04C /* Auth.storyboard */; };
		98FC09432112232D00A6F04C /* techno_penguin.json in Resources */ = {isa = PBXBuildFile; fileRef = 98FC09422112232D00A6F04C /* techno_penguin.json */; };
		A8A4A6E88ABEDA418D739D3F /* Pods_BiometricLocalAuth.framework in Frameworks */ = {isa = PBXBuildFile; fileRef = CA9FA075EE011A7FE96788E3 /* Pods_BiometricLocalAuth.framework */; };
/* End PBXBuildFile section */

/* Begin PBXFileReference section */
		334F0F9620F26FA10010D4DE /* Assets.swift */ = {isa = PBXFileReference; fileEncoding = 4; lastKnownFileType = sourcecode.swift; path = Assets.swift; sourceTree = "<group>"; };
		334F0F9D20F280440010D4DE /* Base */ = {isa = PBXFileReference; lastKnownFileType = text.plist.strings; name = Base; path = Base.lproj/Localizable.strings; sourceTree = "<group>"; };
		334F0F9E20F281410010D4DE /* Strings.swift */ = {isa = PBXFileReference; fileEncoding = 4; lastKnownFileType = sourcecode.swift; path = Strings.swift; sourceTree = "<group>"; };
		33CD2E7A20EC143F006C0E4E /* UserDefaultsHelper.swift */ = {isa = PBXFileReference; lastKnownFileType = sourcecode.swift; path = UserDefaultsHelper.swift; sourceTree = "<group>"; };
		5A03DA9DEEB80D1D85B71685 /* Pods-BiometricLocalAuthTests.release.xcconfig */ = {isa = PBXFileReference; includeInIndex = 1; lastKnownFileType = text.xcconfig; name = "Pods-BiometricLocalAuthTests.release.xcconfig"; path = "Pods/Target Support Files/Pods-BiometricLocalAuthTests/Pods-BiometricLocalAuthTests.release.xcconfig"; sourceTree = "<group>"; };
		5C92AC7E6CB0AA6D38D35F3A /* Pods_BiometricLocalAuthUITests.framework */ = {isa = PBXFileReference; explicitFileType = wrapper.framework; includeInIndex = 0; path = Pods_BiometricLocalAuthUITests.framework; sourceTree = BUILT_PRODUCTS_DIR; };
		6C2113A8598C42B36F2A04C9 /* Pods-BiometricLocalAuth.release.xcconfig */ = {isa = PBXFileReference; includeInIndex = 1; lastKnownFileType = text.xcconfig; name = "Pods-BiometricLocalAuth.release.xcconfig"; path = "Pods/Target Support Files/Pods-BiometricLocalAuth/Pods-BiometricLocalAuth.release.xcconfig"; sourceTree = "<group>"; };
		7C2AC3FEBC329BA52C40785E /* Pods-BiometricLocalAuth.debug.xcconfig */ = {isa = PBXFileReference; includeInIndex = 1; lastKnownFileType = text.xcconfig; name = "Pods-BiometricLocalAuth.debug.xcconfig"; path = "Pods/Target Support Files/Pods-BiometricLocalAuth/Pods-BiometricLocalAuth.debug.xcconfig"; sourceTree = "<group>"; };
		8B4789B76864B323893C5A44 /* Pods_BiometricLocalAuthTests.framework */ = {isa = PBXFileReference; explicitFileType = wrapper.framework; includeInIndex = 0; path = Pods_BiometricLocalAuthTests.framework; sourceTree = BUILT_PRODUCTS_DIR; };
		986B89272118AD020063FA7C /* success.json */ = {isa = PBXFileReference; fileEncoding = 4; lastKnownFileType = text.json; path = success.json; sourceTree = "<group>"; };
		988B895720ED3312009F04BB /* AlertHelper.swift */ = {isa = PBXFileReference; lastKnownFileType = sourcecode.swift; path = AlertHelper.swift; sourceTree = "<group>"; };
		988B895920ED3582009F04BB /* URLSchemeHelper.swift */ = {isa = PBXFileReference; lastKnownFileType = sourcecode.swift; path = URLSchemeHelper.swift; sourceTree = "<group>"; };
		98A5608A2108CB0500C93C2F /* LoginView.swift */ = {isa = PBXFileReference; lastKnownFileType = sourcecode.swift; path = LoginView.swift; sourceTree = "<group>"; };
		98A5608C2108E9C100C93C2F /* LoginBiometricView.swift */ = {isa = PBXFileReference; lastKnownFileType = sourcecode.swift; path = LoginBiometricView.swift; sourceTree = "<group>"; };
		98B4E64E20EA7E3800B6BAC1 /* SuccessViewController.swift */ = {isa = PBXFileReference; lastKnownFileType = sourcecode.swift; path = SuccessViewController.swift; sourceTree = "<group>"; };
		98EC52262110BECF00AD84D1 /* Coordinator.swift */ = {isa = PBXFileReference; lastKnownFileType = sourcecode.swift; path = Coordinator.swift; sourceTree = "<group>"; };
		98EC52282110BF0700AD84D1 /* Presentable.swift */ = {isa = PBXFileReference; lastKnownFileType = sourcecode.swift; path = Presentable.swift; sourceTree = "<group>"; };
		98EC522B2110BFFF00AD84D1 /* BaseCoordinator.swift */ = {isa = PBXFileReference; lastKnownFileType = sourcecode.swift; path = BaseCoordinator.swift; sourceTree = "<group>"; };
		98EC522E2110C17E00AD84D1 /* CoordinatorFactory.swift */ = {isa = PBXFileReference; lastKnownFileType = sourcecode.swift; path = CoordinatorFactory.swift; sourceTree = "<group>"; };
		98EC52312110C1B100AD84D1 /* CoordinatorFactoryImp.swift */ = {isa = PBXFileReference; lastKnownFileType = sourcecode.swift; path = CoordinatorFactoryImp.swift; sourceTree = "<group>"; };
		98EC52332110C22000AD84D1 /* ApplicationCoordinator.swift */ = {isa = PBXFileReference; lastKnownFileType = sourcecode.swift; path = ApplicationCoordinator.swift; sourceTree = "<group>"; };
		98EC52372110C2F800AD84D1 /* Router.swift */ = {isa = PBXFileReference; lastKnownFileType = sourcecode.swift; path = Router.swift; sourceTree = "<group>"; };
		98EC52392110C30800AD84D1 /* RouterImp.swift */ = {isa = PBXFileReference; lastKnownFileType = sourcecode.swift; path = RouterImp.swift; sourceTree = "<group>"; };
		98EC523B2110C40000AD84D1 /* AuthCoordinator.swift */ = {isa = PBXFileReference; lastKnownFileType = sourcecode.swift; path = AuthCoordinator.swift; sourceTree = "<group>"; };
		98EC523D2110C44800AD84D1 /* ModuleFactory.swift */ = {isa = PBXFileReference; lastKnownFileType = sourcecode.swift; path = ModuleFactory.swift; sourceTree = "<group>"; };
		98EC523F2110C49D00AD84D1 /* BaseView.swift */ = {isa = PBXFileReference; lastKnownFileType = sourcecode.swift; path = BaseView.swift; sourceTree = "<group>"; };
		98EC52412110C4D800AD84D1 /* AuthView.swift */ = {isa = PBXFileReference; lastKnownFileType = sourcecode.swift; path = AuthView.swift; sourceTree = "<group>"; };
		98EC52432110C68C00AD84D1 /* ModuleFactoryImp.swift */ = {isa = PBXFileReference; lastKnownFileType = sourcecode.swift; path = ModuleFactoryImp.swift; sourceTree = "<group>"; };
		98EC52462110C82700AD84D1 /* StoryboardsEnum.swift */ = {isa = PBXFileReference; lastKnownFileType = sourcecode.swift; path = StoryboardsEnum.swift; sourceTree = "<group>"; };
		98EC52492110C92500AD84D1 /* UIViewController + Extension.swift */ = {isa = PBXFileReference; lastKnownFileType = sourcecode.swift; path = "UIViewController + Extension.swift"; sourceTree = "<group>"; };
		98EC524B2110C9E900AD84D1 /* NSObject + Extensions.swift */ = {isa = PBXFileReference; lastKnownFileType = sourcecode.swift; path = "NSObject + Extensions.swift"; sourceTree = "<group>"; };
		98EC52582110D12500AD84D1 /* LogInSuccessView.swift */ = {isa = PBXFileReference; lastKnownFileType = sourcecode.swift; path = LogInSuccessView.swift; sourceTree = "<group>"; };
		98F9DB5420C91BB9007EA879 /* BiometricLocalAuth.app */ = {isa = PBXFileReference; explicitFileType = wrapper.application; includeInIndex = 0; path = BiometricLocalAuth.app; sourceTree = BUILT_PRODUCTS_DIR; };
		98F9DB5720C91BB9007EA879 /* AppDelegate.swift */ = {isa = PBXFileReference; lastKnownFileType = sourcecode.swift; path = AppDelegate.swift; sourceTree = "<group>"; };
		98F9DB5920C91BB9007EA879 /* AuthViewController.swift */ = {isa = PBXFileReference; lastKnownFileType = sourcecode.swift; path = AuthViewController.swift; sourceTree = "<group>"; };
		98F9DB5E20C91BBA007EA879 /* Assets.xcassets */ = {isa = PBXFileReference; lastKnownFileType = folder.assetcatalog; path = Assets.xcassets; sourceTree = "<group>"; };
		98F9DB6120C91BBA007EA879 /* Base */ = {isa = PBXFileReference; lastKnownFileType = file.storyboard; name = Base; path = Base.lproj/LaunchScreen.storyboard; sourceTree = "<group>"; };
		98F9DB6320C91BBA007EA879 /* Info.plist */ = {isa = PBXFileReference; lastKnownFileType = text.plist.xml; path = Info.plist; sourceTree = "<group>"; };
		98F9DB8820C91D1B007EA879 /* LocalAuthentication.framework */ = {isa = PBXFileReference; lastKnownFileType = wrapper.framework; name = LocalAuthentication.framework; path = System/Library/Frameworks/LocalAuthentication.framework; sourceTree = SDKROOT; };
		98F9DB8E20C92191007EA879 /* BiometricAuthHelper.swift */ = {isa = PBXFileReference; lastKnownFileType = sourcecode.swift; path = BiometricAuthHelper.swift; sourceTree = "<group>"; };
		98F9E9092136D29D0077F8E5 /* Base */ = {isa = PBXFileReference; lastKnownFileType = file.storyboard; name = Base; path = Base.lproj/Main.storyboard; sourceTree = "<group>"; };
		98FC09342112126900A6F04C /* AuthCoordinatorOutput.swift */ = {isa = PBXFileReference; lastKnownFileType = sourcecode.swift; path = AuthCoordinatorOutput.swift; sourceTree = "<group>"; };
		98FC09362112186A00A6F04C /* Auth.storyboard */ = {isa = PBXFileReference; lastKnownFileType = file.storyboard; path = Auth.storyboard; sourceTree = "<group>"; };
		98FC09422112232D00A6F04C /* techno_penguin.json */ = {isa = PBXFileReference; fileEncoding = 4; lastKnownFileType = text.json; path = techno_penguin.json; sourceTree = "<group>"; };
		9B74FD5CB2DE362D0C9203E0 /* Pods-BiometricLocalAuthUITests.release.xcconfig */ = {isa = PBXFileReference; includeInIndex = 1; lastKnownFileType = text.xcconfig; name = "Pods-BiometricLocalAuthUITests.release.xcconfig"; path = "Pods/Target Support Files/Pods-BiometricLocalAuthUITests/Pods-BiometricLocalAuthUITests.release.xcconfig"; sourceTree = "<group>"; };
		A70013FBE3B360D856FA0B72 /* Pods-BiometricLocalAuthTests.debug.xcconfig */ = {isa = PBXFileReference; includeInIndex = 1; lastKnownFileType = text.xcconfig; name = "Pods-BiometricLocalAuthTests.debug.xcconfig"; path = "Pods/Target Support Files/Pods-BiometricLocalAuthTests/Pods-BiometricLocalAuthTests.debug.xcconfig"; sourceTree = "<group>"; };
		CA9FA075EE011A7FE96788E3 /* Pods_BiometricLocalAuth.framework */ = {isa = PBXFileReference; explicitFileType = wrapper.framework; includeInIndex = 0; path = Pods_BiometricLocalAuth.framework; sourceTree = BUILT_PRODUCTS_DIR; };
		E1B48EFC472F03F4DFB20183 /* Pods-BiometricLocalAuthUITests.debug.xcconfig */ = {isa = PBXFileReference; includeInIndex = 1; lastKnownFileType = text.xcconfig; name = "Pods-BiometricLocalAuthUITests.debug.xcconfig"; path = "Pods/Target Support Files/Pods-BiometricLocalAuthUITests/Pods-BiometricLocalAuthUITests.debug.xcconfig"; sourceTree = "<group>"; };
/* End PBXFileReference section */

/* Begin PBXFrameworksBuildPhase section */
		98F9DB5120C91BB9007EA879 /* Frameworks */ = {
			isa = PBXFrameworksBuildPhase;
			buildActionMask = 2147483647;
			files = (
				98F9DB8920C91D1B007EA879 /* LocalAuthentication.framework in Frameworks */,
				A8A4A6E88ABEDA418D739D3F /* Pods_BiometricLocalAuth.framework in Frameworks */,
			);
			runOnlyForDeploymentPostprocessing = 0;
		};
/* End PBXFrameworksBuildPhase section */

/* Begin PBXGroup section */
		333502EA2342ABC60039A65A /* App */ = {
			isa = PBXGroup;
			children = (
				98F9DB5720C91BB9007EA879 /* AppDelegate.swift */,
				98EC52332110C22000AD84D1 /* ApplicationCoordinator.swift */,
				98F9DB8A20C91F1D007EA879 /* Screens */,
			);
			path = App;
			sourceTree = "<group>";
		};
		333502EB2342ABDC0039A65A /* Lottie */ = {
			isa = PBXGroup;
			children = (
				986B89272118AD020063FA7C /* success.json */,
				98FC09422112232D00A6F04C /* techno_penguin.json */,
			);
			path = Lottie;
			sourceTree = "<group>";
		};
		334F0F9420F26EC20010D4DE /* Generated */ = {
			isa = PBXGroup;
			children = (
				334F0F9520F26ECA0010D4DE /* SwiftGen */,
			);
			path = Generated;
			sourceTree = "<group>";
		};
		334F0F9520F26ECA0010D4DE /* SwiftGen */ = {
			isa = PBXGroup;
			children = (
				334F0F9E20F281410010D4DE /* Strings.swift */,
				334F0F9620F26FA10010D4DE /* Assets.swift */,
			);
			path = SwiftGen;
			sourceTree = "<group>";
		};
		98A560872108CA8D00C93C2F /* View */ = {
			isa = PBXGroup;
			children = (
				98A5608A2108CB0500C93C2F /* LoginView.swift */,
				98A5608C2108E9C100C93C2F /* LoginBiometricView.swift */,
			);
			path = View;
			sourceTree = "<group>";
		};
		98EC52252110BEBE00AD84D1 /* Protocols */ = {
			isa = PBXGroup;
			children = (
				98EC52262110BECF00AD84D1 /* Coordinator.swift */,
				98EC52282110BF0700AD84D1 /* Presentable.swift */,
				98EC523F2110C49D00AD84D1 /* BaseView.swift */,
			);
			path = Protocols;
			sourceTree = "<group>";
		};
		98EC522A2110BFEB00AD84D1 /* Core */ = {
			isa = PBXGroup;
			children = (
				98EC52482110C90F00AD84D1 /* Extensions */,
				98EC52352110C2C700AD84D1 /* Router */,
				98EC522D2110C16800AD84D1 /* Factories */,
				98EC52252110BEBE00AD84D1 /* Protocols */,
				98EC522B2110BFFF00AD84D1 /* BaseCoordinator.swift */,
			);
			path = Core;
			sourceTree = "<group>";
		};
		98EC522D2110C16800AD84D1 /* Factories */ = {
			isa = PBXGroup;
			children = (
				98EC522E2110C17E00AD84D1 /* CoordinatorFactory.swift */,
				98EC52312110C1B100AD84D1 /* CoordinatorFactoryImp.swift */,
				98EC523D2110C44800AD84D1 /* ModuleFactory.swift */,
				98EC52432110C68C00AD84D1 /* ModuleFactoryImp.swift */,
			);
			path = Factories;
			sourceTree = "<group>";
		};
		98EC52352110C2C700AD84D1 /* Router */ = {
			isa = PBXGroup;
			children = (
				98EC52372110C2F800AD84D1 /* Router.swift */,
				98EC52392110C30800AD84D1 /* RouterImp.swift */,
			);
			path = Router;
			sourceTree = "<group>";
		};
		98EC52452110C81300AD84D1 /* Storyboards */ = {
			isa = PBXGroup;
			children = (
				98F9E9082136D29D0077F8E5 /* Main.storyboard */,
				98EC52462110C82700AD84D1 /* StoryboardsEnum.swift */,
				98FC09362112186A00A6F04C /* Auth.storyboard */,
			);
			path = Storyboards;
			sourceTree = "<group>";
		};
		98EC52482110C90F00AD84D1 /* Extensions */ = {
			isa = PBXGroup;
			children = (
				98EC52492110C92500AD84D1 /* UIViewController + Extension.swift */,
				98EC524B2110C9E900AD84D1 /* NSObject + Extensions.swift */,
			);
			path = Extensions;
			sourceTree = "<group>";
		};
		98F9DB4B20C91BB9007EA879 = {
			isa = PBXGroup;
			children = (
				98F9DB5620C91BB9007EA879 /* BiometricLocalAuth */,
				98F9DB5520C91BB9007EA879 /* Products */,
				98F9DB8720C91D1B007EA879 /* Frameworks */,
				9E9833F1C1B8CCF028703105 /* Pods */,
			);
			sourceTree = "<group>";
		};
		98F9DB5520C91BB9007EA879 /* Products */ = {
			isa = PBXGroup;
			children = (
				98F9DB5420C91BB9007EA879 /* BiometricLocalAuth.app */,
			);
			name = Products;
			sourceTree = "<group>";
		};
		98F9DB5620C91BB9007EA879 /* BiometricLocalAuth */ = {
			isa = PBXGroup;
			children = (
				333502EA2342ABC60039A65A /* App */,
				98FC09412112231300A6F04C /* Resources */,
				98EC522A2110BFEB00AD84D1 /* Core */,
				334F0F9420F26EC20010D4DE /* Generated */,
			);
			path = BiometricLocalAuth;
			sourceTree = "<group>";
		};
		98F9DB8720C91D1B007EA879 /* Frameworks */ = {
			isa = PBXGroup;
			children = (
				98F9DB8820C91D1B007EA879 /* LocalAuthentication.framework */,
				CA9FA075EE011A7FE96788E3 /* Pods_BiometricLocalAuth.framework */,
				8B4789B76864B323893C5A44 /* Pods_BiometricLocalAuthTests.framework */,
				5C92AC7E6CB0AA6D38D35F3A /* Pods_BiometricLocalAuthUITests.framework */,
			);
			name = Frameworks;
			sourceTree = "<group>";
		};
		98F9DB8A20C91F1D007EA879 /* Screens */ = {
			isa = PBXGroup;
			children = (
				98EC52452110C81300AD84D1 /* Storyboards */,
				98F9DB8B20C91F29007EA879 /* Auth */,
			);
			path = Screens;
			sourceTree = "<group>";
		};
		98F9DB8B20C91F29007EA879 /* Auth */ = {
			isa = PBXGroup;
			children = (
				98EC52412110C4D800AD84D1 /* AuthView.swift */,
				98EC52582110D12500AD84D1 /* LogInSuccessView.swift */,
				98EC523B2110C40000AD84D1 /* AuthCoordinator.swift */,
				98A560872108CA8D00C93C2F /* View */,
				98F9DB8D20C9217F007EA879 /* Helper */,
				98F9DB8C20C92176007EA879 /* View Controller */,
				98FC09342112126900A6F04C /* AuthCoordinatorOutput.swift */,
			);
			path = Auth;
			sourceTree = "<group>";
		};
		98F9DB8C20C92176007EA879 /* View Controller */ = {
			isa = PBXGroup;
			children = (
				98F9DB5920C91BB9007EA879 /* AuthViewController.swift */,
				98B4E64E20EA7E3800B6BAC1 /* SuccessViewController.swift */,
			);
			path = "View Controller";
			sourceTree = "<group>";
		};
		98F9DB8D20C9217F007EA879 /* Helper */ = {
			isa = PBXGroup;
			children = (
				98F9DB8E20C92191007EA879 /* BiometricAuthHelper.swift */,
				33CD2E7A20EC143F006C0E4E /* UserDefaultsHelper.swift */,
				988B895720ED3312009F04BB /* AlertHelper.swift */,
				988B895920ED3582009F04BB /* URLSchemeHelper.swift */,
			);
			path = Helper;
			sourceTree = "<group>";
		};
		98FC09412112231300A6F04C /* Resources */ = {
			isa = PBXGroup;
			children = (
				98F9DB5E20C91BBA007EA879 /* Assets.xcassets */,
				98F9DB6020C91BBA007EA879 /* LaunchScreen.storyboard */,
				98F9DB6320C91BBA007EA879 /* Info.plist */,
				334F0F9C20F280380010D4DE /* Localizable.strings */,
				333502EB2342ABDC0039A65A /* Lottie */,
			);
			path = Resources;
			sourceTree = "<group>";
		};
		9E9833F1C1B8CCF028703105 /* Pods */ = {
			isa = PBXGroup;
			children = (
				7C2AC3FEBC329BA52C40785E /* Pods-BiometricLocalAuth.debug.xcconfig */,
				6C2113A8598C42B36F2A04C9 /* Pods-BiometricLocalAuth.release.xcconfig */,
				A70013FBE3B360D856FA0B72 /* Pods-BiometricLocalAuthTests.debug.xcconfig */,
				5A03DA9DEEB80D1D85B71685 /* Pods-BiometricLocalAuthTests.release.xcconfig */,
				E1B48EFC472F03F4DFB20183 /* Pods-BiometricLocalAuthUITests.debug.xcconfig */,
				9B74FD5CB2DE362D0C9203E0 /* Pods-BiometricLocalAuthUITests.release.xcconfig */,
			);
			name = Pods;
			sourceTree = "<group>";
		};
/* End PBXGroup section */

/* Begin PBXNativeTarget section */
		98F9DB5320C91BB9007EA879 /* BiometricLocalAuth */ = {
			isa = PBXNativeTarget;
			buildConfigurationList = 98F9DB7C20C91BBA007EA879 /* Build configuration list for PBXNativeTarget "BiometricLocalAuth" */;
			buildPhases = (
				296079B77B78C0DA6EA4174E /* [CP] Check Pods Manifest.lock */,
				98F9DB5020C91BB9007EA879 /* Sources */,
				98F9DB5120C91BB9007EA879 /* Frameworks */,
				98F9DB5220C91BB9007EA879 /* Resources */,
				51F17C9A9DB74C6509972316 /* [CP] Embed Pods Frameworks */,
				98ADBCC320ED508200386404 /* SwiftGen */,
				9813A9BE20EE8A5200115285 /* SwiftLint */,
			);
			buildRules = (
			);
			dependencies = (
			);
			name = BiometricLocalAuth;
			productName = BiometricLocalAuth;
			productReference = 98F9DB5420C91BB9007EA879 /* BiometricLocalAuth.app */;
			productType = "com.apple.product-type.application";
		};
/* End PBXNativeTarget section */

/* Begin PBXProject section */
		98F9DB4C20C91BB9007EA879 /* Project object */ = {
			isa = PBXProject;
			attributes = {
				LastSwiftUpdateCheck = 0930;
				LastUpgradeCheck = 0930;
				ORGANIZATIONNAME = "Eugene Lezov";
				TargetAttributes = {
					98F9DB5320C91BB9007EA879 = {
						CreatedOnToolsVersion = 9.3;
						ProvisioningStyle = Automatic;
					};
				};
			};
			buildConfigurationList = 98F9DB4F20C91BB9007EA879 /* Build configuration list for PBXProject "BiometricLocalAuth" */;
			compatibilityVersion = "Xcode 8.0";
			developmentRegion = en;
			hasScannedForEncodings = 0;
			knownRegions = (
				en,
				Base,
			);
			mainGroup = 98F9DB4B20C91BB9007EA879;
			productRefGroup = 98F9DB5520C91BB9007EA879 /* Products */;
			projectDirPath = "";
			projectRoot = "";
			targets = (
				98F9DB5320C91BB9007EA879 /* BiometricLocalAuth */,
			);
		};
/* End PBXProject section */

/* Begin PBXResourcesBuildPhase section */
		98F9DB5220C91BB9007EA879 /* Resources */ = {
			isa = PBXResourcesBuildPhase;
			buildActionMask = 2147483647;
			files = (
				98F9E90A2136D29D0077F8E5 /* Main.storyboard in Resources */,
				98FC09372112186A00A6F04C /* Auth.storyboard in Resources */,
				98F9DB6220C91BBA007EA879 /* LaunchScreen.storyboard in Resources */,
				986B89282118AD020063FA7C /* success.json in Resources */,
				334F0F9A20F280380010D4DE /* Localizable.strings in Resources */,
				98FC09432112232D00A6F04C /* techno_penguin.json in Resources */,
				98F9DB5F20C91BBA007EA879 /* Assets.xcassets in Resources */,
			);
			runOnlyForDeploymentPostprocessing = 0;
		};
/* End PBXResourcesBuildPhase section */

/* Begin PBXShellScriptBuildPhase section */
		296079B77B78C0DA6EA4174E /* [CP] Check Pods Manifest.lock */ = {
			isa = PBXShellScriptBuildPhase;
			buildActionMask = 2147483647;
			files = (
			);
			inputPaths = (
				"${PODS_PODFILE_DIR_PATH}/Podfile.lock",
				"${PODS_ROOT}/Manifest.lock",
			);
			name = "[CP] Check Pods Manifest.lock";
			outputPaths = (
				"$(DERIVED_FILE_DIR)/Pods-BiometricLocalAuth-checkManifestLockResult.txt",
			);
			runOnlyForDeploymentPostprocessing = 0;
			shellPath = /bin/sh;
			shellScript = "diff \"${PODS_PODFILE_DIR_PATH}/Podfile.lock\" \"${PODS_ROOT}/Manifest.lock\" > /dev/null\nif [ $? != 0 ] ; then\n    # print error to STDERR\n    echo \"error: The sandbox is not in sync with the Podfile.lock. Run 'pod install' or update your CocoaPods installation.\" >&2\n    exit 1\nfi\n# This output is used by Xcode 'outputs' to avoid re-running this script phase.\necho \"SUCCESS\" > \"${SCRIPT_OUTPUT_FILE_0}\"\n";
			showEnvVarsInLog = 0;
		};
		51F17C9A9DB74C6509972316 /* [CP] Embed Pods Frameworks */ = {
			isa = PBXShellScriptBuildPhase;
			buildActionMask = 2147483647;
			files = (
			);
			inputPaths = (
				"${SRCROOT}/Pods/Target Support Files/Pods-BiometricLocalAuth/Pods-BiometricLocalAuth-frameworks.sh",
				"${BUILT_PRODUCTS_DIR}/MarqueeLabel/MarqueeLabel.framework",
				"${BUILT_PRODUCTS_DIR}/NotificationBannerSwift/NotificationBannerSwift.framework",
				"${BUILT_PRODUCTS_DIR}/RxCocoa/RxCocoa.framework",
				"${BUILT_PRODUCTS_DIR}/RxSwift/RxSwift.framework",
				"${BUILT_PRODUCTS_DIR}/SnapKit/SnapKit.framework",
				"${BUILT_PRODUCTS_DIR}/lottie-ios/Lottie.framework",
			);
			name = "[CP] Embed Pods Frameworks";
			outputPaths = (
				"${TARGET_BUILD_DIR}/${FRAMEWORKS_FOLDER_PATH}/MarqueeLabel.framework",
				"${TARGET_BUILD_DIR}/${FRAMEWORKS_FOLDER_PATH}/NotificationBannerSwift.framework",
				"${TARGET_BUILD_DIR}/${FRAMEWORKS_FOLDER_PATH}/RxCocoa.framework",
				"${TARGET_BUILD_DIR}/${FRAMEWORKS_FOLDER_PATH}/RxSwift.framework",
				"${TARGET_BUILD_DIR}/${FRAMEWORKS_FOLDER_PATH}/SnapKit.framework",
				"${TARGET_BUILD_DIR}/${FRAMEWORKS_FOLDER_PATH}/Lottie.framework",
			);
			runOnlyForDeploymentPostprocessing = 0;
			shellPath = /bin/sh;
			shellScript = "\"${SRCROOT}/Pods/Target Support Files/Pods-BiometricLocalAuth/Pods-BiometricLocalAuth-frameworks.sh\"\n";
			showEnvVarsInLog = 0;
		};
		9813A9BE20EE8A5200115285 /* SwiftLint */ = {
			isa = PBXShellScriptBuildPhase;
			buildActionMask = 2147483647;
			files = (
			);
			inputPaths = (
			);
			name = SwiftLint;
			outputPaths = (
			);
			runOnlyForDeploymentPostprocessing = 0;
			shellPath = /bin/sh;
			shellScript = "${PODS_ROOT}/SwiftLint/swiftlint";
		};
		98ADBCC320ED508200386404 /* SwiftGen */ = {
			isa = PBXShellScriptBuildPhase;
			buildActionMask = 2147483647;
			files = (
			);
			inputPaths = (
			);
			name = SwiftGen;
			outputPaths = (
			);
			runOnlyForDeploymentPostprocessing = 0;
			shellPath = /bin/sh;
			shellScript = $PODS_ROOT/SwiftGen/bin/swiftgen;
		};
/* End PBXShellScriptBuildPhase section */

/* Begin PBXSourcesBuildPhase section */
		98F9DB5020C91BB9007EA879 /* Sources */ = {
			isa = PBXSourcesBuildPhase;
			buildActionMask = 2147483647;
			files = (
				988B895A20ED3582009F04BB /* URLSchemeHelper.swift in Sources */,
				33CD2E7B20EC143F006C0E4E /* UserDefaultsHelper.swift in Sources */,
				98EC523A2110C30800AD84D1 /* RouterImp.swift in Sources */,
				98EC52272110BECF00AD84D1 /* Coordinator.swift in Sources */,
				98EC523C2110C40000AD84D1 /* AuthCoordinator.swift in Sources */,
				334F0F9F20F281410010D4DE /* Strings.swift in Sources */,
				98EC523E2110C44800AD84D1 /* ModuleFactory.swift in Sources */,
				98EC52342110C22000AD84D1 /* ApplicationCoordinator.swift in Sources */,
				98EC52382110C2F800AD84D1 /* Router.swift in Sources */,
				98EC524A2110C92500AD84D1 /* UIViewController + Extension.swift in Sources */,
				98FC09352112126900A6F04C /* AuthCoordinatorOutput.swift in Sources */,
				98EC52322110C1B100AD84D1 /* CoordinatorFactoryImp.swift in Sources */,
				98EC52472110C82700AD84D1 /* StoryboardsEnum.swift in Sources */,
				98EC524C2110C9E900AD84D1 /* NSObject + Extensions.swift in Sources */,
				98F9DB5A20C91BB9007EA879 /* AuthViewController.swift in Sources */,
				98A5608D2108E9C100C93C2F /* LoginBiometricView.swift in Sources */,
				98F9DB8F20C92191007EA879 /* BiometricAuthHelper.swift in Sources */,
				98EC52422110C4D800AD84D1 /* AuthView.swift in Sources */,
				988B895820ED3312009F04BB /* AlertHelper.swift in Sources */,
				98B4E64F20EA7E3800B6BAC1 /* SuccessViewController.swift in Sources */,
				98EC522C2110BFFF00AD84D1 /* BaseCoordinator.swift in Sources */,
				98EC52442110C68C00AD84D1 /* ModuleFactoryImp.swift in Sources */,
				98A5608B2108CB0500C93C2F /* LoginView.swift in Sources */,
				98F9DB5820C91BB9007EA879 /* AppDelegate.swift in Sources */,
				98EC52402110C49D00AD84D1 /* BaseView.swift in Sources */,
				334F0F9720F26FA20010D4DE /* Assets.swift in Sources */,
				98EC52292110BF0700AD84D1 /* Presentable.swift in Sources */,
				98EC52592110D12500AD84D1 /* LogInSuccessView.swift in Sources */,
				98EC522F2110C17E00AD84D1 /* CoordinatorFactory.swift in Sources */,
			);
			runOnlyForDeploymentPostprocessing = 0;
		};
/* End PBXSourcesBuildPhase section */

/* Begin PBXVariantGroup section */
		334F0F9C20F280380010D4DE /* Localizable.strings */ = {
			isa = PBXVariantGroup;
			children = (
				334F0F9D20F280440010D4DE /* Base */,
			);
			name = Localizable.strings;
			sourceTree = "<group>";
		};
		98F9DB6020C91BBA007EA879 /* LaunchScreen.storyboard */ = {
			isa = PBXVariantGroup;
			children = (
				98F9DB6120C91BBA007EA879 /* Base */,
			);
			name = LaunchScreen.storyboard;
			sourceTree = "<group>";
		};
		98F9E9082136D29D0077F8E5 /* Main.storyboard */ = {
			isa = PBXVariantGroup;
			children = (
				98F9E9092136D29D0077F8E5 /* Base */,
			);
			name = Main.storyboard;
			sourceTree = "<group>";
		};
/* End PBXVariantGroup section */

/* Begin XCBuildConfiguration section */
		98F9DB7A20C91BBA007EA879 /* Debug */ = {
			isa = XCBuildConfiguration;
			buildSettings = {
				ALWAYS_SEARCH_USER_PATHS = NO;
				CLANG_ANALYZER_NONNULL = YES;
				CLANG_ANALYZER_NUMBER_OBJECT_CONVERSION = YES_AGGRESSIVE;
				CLANG_CXX_LANGUAGE_STANDARD = "gnu++14";
				CLANG_CXX_LIBRARY = "libc++";
				CLANG_ENABLE_MODULES = YES;
				CLANG_ENABLE_OBJC_ARC = YES;
				CLANG_ENABLE_OBJC_WEAK = YES;
				CLANG_WARN_BLOCK_CAPTURE_AUTORELEASING = YES;
				CLANG_WARN_BOOL_CONVERSION = YES;
				CLANG_WARN_COMMA = YES;
				CLANG_WARN_CONSTANT_CONVERSION = YES;
				CLANG_WARN_DEPRECATED_OBJC_IMPLEMENTATIONS = YES;
				CLANG_WARN_DIRECT_OBJC_ISA_USAGE = YES_ERROR;
				CLANG_WARN_DOCUMENTATION_COMMENTS = YES;
				CLANG_WARN_EMPTY_BODY = YES;
				CLANG_WARN_ENUM_CONVERSION = YES;
				CLANG_WARN_INFINITE_RECURSION = YES;
				CLANG_WARN_INT_CONVERSION = YES;
				CLANG_WARN_NON_LITERAL_NULL_CONVERSION = YES;
				CLANG_WARN_OBJC_IMPLICIT_RETAIN_SELF = YES;
				CLANG_WARN_OBJC_LITERAL_CONVERSION = YES;
				CLANG_WARN_OBJC_ROOT_CLASS = YES_ERROR;
				CLANG_WARN_RANGE_LOOP_ANALYSIS = YES;
				CLANG_WARN_STRICT_PROTOTYPES = YES;
				CLANG_WARN_SUSPICIOUS_MOVE = YES;
				CLANG_WARN_UNGUARDED_AVAILABILITY = YES_AGGRESSIVE;
				CLANG_WARN_UNREACHABLE_CODE = YES;
				CLANG_WARN__DUPLICATE_METHOD_MATCH = YES;
				CODE_SIGN_IDENTITY = "iPhone Developer";
				COPY_PHASE_STRIP = NO;
				DEBUG_INFORMATION_FORMAT = dwarf;
				ENABLE_STRICT_OBJC_MSGSEND = YES;
				ENABLE_TESTABILITY = YES;
				GCC_C_LANGUAGE_STANDARD = gnu11;
				GCC_DYNAMIC_NO_PIC = NO;
				GCC_NO_COMMON_BLOCKS = YES;
				GCC_OPTIMIZATION_LEVEL = 0;
				GCC_PREPROCESSOR_DEFINITIONS = (
					"DEBUG=1",
					"$(inherited)",
				);
				GCC_WARN_64_TO_32_BIT_CONVERSION = YES;
				GCC_WARN_ABOUT_RETURN_TYPE = YES_ERROR;
				GCC_WARN_UNDECLARED_SELECTOR = YES;
				GCC_WARN_UNINITIALIZED_AUTOS = YES_AGGRESSIVE;
				GCC_WARN_UNUSED_FUNCTION = YES;
				GCC_WARN_UNUSED_VARIABLE = YES;
				IPHONEOS_DEPLOYMENT_TARGET = 11.3;
				MTL_ENABLE_DEBUG_INFO = YES;
				ONLY_ACTIVE_ARCH = YES;
				SDKROOT = iphoneos;
				SWIFT_ACTIVE_COMPILATION_CONDITIONS = DEBUG;
				SWIFT_OPTIMIZATION_LEVEL = "-Onone";
			};
			name = Debug;
		};
		98F9DB7B20C91BBA007EA879 /* Release */ = {
			isa = XCBuildConfiguration;
			buildSettings = {
				ALWAYS_SEARCH_USER_PATHS = NO;
				CLANG_ANALYZER_NONNULL = YES;
				CLANG_ANALYZER_NUMBER_OBJECT_CONVERSION = YES_AGGRESSIVE;
				CLANG_CXX_LANGUAGE_STANDARD = "gnu++14";
				CLANG_CXX_LIBRARY = "libc++";
				CLANG_ENABLE_MODULES = YES;
				CLANG_ENABLE_OBJC_ARC = YES;
				CLANG_ENABLE_OBJC_WEAK = YES;
				CLANG_WARN_BLOCK_CAPTURE_AUTORELEASING = YES;
				CLANG_WARN_BOOL_CONVERSION = YES;
				CLANG_WARN_COMMA = YES;
				CLANG_WARN_CONSTANT_CONVERSION = YES;
				CLANG_WARN_DEPRECATED_OBJC_IMPLEMENTATIONS = YES;
				CLANG_WARN_DIRECT_OBJC_ISA_USAGE = YES_ERROR;
				CLANG_WARN_DOCUMENTATION_COMMENTS = YES;
				CLANG_WARN_EMPTY_BODY = YES;
				CLANG_WARN_ENUM_CONVERSION = YES;
				CLANG_WARN_INFINITE_RECURSION = YES;
				CLANG_WARN_INT_CONVERSION = YES;
				CLANG_WARN_NON_LITERAL_NULL_CONVERSION = YES;
				CLANG_WARN_OBJC_IMPLICIT_RETAIN_SELF = YES;
				CLANG_WARN_OBJC_LITERAL_CONVERSION = YES;
				CLANG_WARN_OBJC_ROOT_CLASS = YES_ERROR;
				CLANG_WARN_RANGE_LOOP_ANALYSIS = YES;
				CLANG_WARN_STRICT_PROTOTYPES = YES;
				CLANG_WARN_SUSPICIOUS_MOVE = YES;
				CLANG_WARN_UNGUARDED_AVAILABILITY = YES_AGGRESSIVE;
				CLANG_WARN_UNREACHABLE_CODE = YES;
				CLANG_WARN__DUPLICATE_METHOD_MATCH = YES;
				CODE_SIGN_IDENTITY = "iPhone Developer";
				COPY_PHASE_STRIP = NO;
				DEBUG_INFORMATION_FORMAT = "dwarf-with-dsym";
				ENABLE_NS_ASSERTIONS = NO;
				ENABLE_STRICT_OBJC_MSGSEND = YES;
				GCC_C_LANGUAGE_STANDARD = gnu11;
				GCC_NO_COMMON_BLOCKS = YES;
				GCC_WARN_64_TO_32_BIT_CONVERSION = YES;
				GCC_WARN_ABOUT_RETURN_TYPE = YES_ERROR;
				GCC_WARN_UNDECLARED_SELECTOR = YES;
				GCC_WARN_UNINITIALIZED_AUTOS = YES_AGGRESSIVE;
				GCC_WARN_UNUSED_FUNCTION = YES;
				GCC_WARN_UNUSED_VARIABLE = YES;
				IPHONEOS_DEPLOYMENT_TARGET = 11.3;
				MTL_ENABLE_DEBUG_INFO = NO;
				SDKROOT = iphoneos;
				SWIFT_OPTIMIZATION_LEVEL = "-Owholemodule";
				VALIDATE_PRODUCT = YES;
			};
			name = Release;
		};
		98F9DB7D20C91BBA007EA879 /* Debug */ = {
			isa = XCBuildConfiguration;
			baseConfigurationReference = 7C2AC3FEBC329BA52C40785E /* Pods-BiometricLocalAuth.debug.xcconfig */;
			buildSettings = {
				ASSETCATALOG_COMPILER_APPICON_NAME = AppIcon;
				CODE_SIGN_STYLE = Automatic;
				DEVELOPMENT_TEAM = 8FX7X5MR74;
				INFOPLIST_FILE = BiometricLocalAuth/Resources/Info.plist;
				IPHONEOS_DEPLOYMENT_TARGET = 10.2;
				LD_RUNPATH_SEARCH_PATHS = "$(inherited) @executable_path/Frameworks";
				PRODUCT_BUNDLE_IDENTIFIER = kode.BiometricLocalAuth;
				PRODUCT_NAME = "$(TARGET_NAME)";
				SWIFT_VERSION = 4.0;
				TARGETED_DEVICE_FAMILY = "1,2";
			};
			name = Debug;
		};
		98F9DB7E20C91BBA007EA879 /* Release */ = {
			isa = XCBuildConfiguration;
			baseConfigurationReference = 6C2113A8598C42B36F2A04C9 /* Pods-BiometricLocalAuth.release.xcconfig */;
			buildSettings = {
				ASSETCATALOG_COMPILER_APPICON_NAME = AppIcon;
				CODE_SIGN_STYLE = Automatic;
				DEVELOPMENT_TEAM = 8FX7X5MR74;
				INFOPLIST_FILE = BiometricLocalAuth/Resources/Info.plist;
				IPHONEOS_DEPLOYMENT_TARGET = 10.2;
				LD_RUNPATH_SEARCH_PATHS = "$(inherited) @executable_path/Frameworks";
				PRODUCT_BUNDLE_IDENTIFIER = kode.BiometricLocalAuth;
				PRODUCT_NAME = "$(TARGET_NAME)";
				SWIFT_VERSION = 4.0;
				TARGETED_DEVICE_FAMILY = "1,2";
			};
			name = Release;
		};
/* End XCBuildConfiguration section */

/* Begin XCConfigurationList section */
		98F9DB4F20C91BB9007EA879 /* Build configuration list for PBXProject "BiometricLocalAuth" */ = {
			isa = XCConfigurationList;
			buildConfigurations = (
				98F9DB7A20C91BBA007EA879 /* Debug */,
				98F9DB7B20C91BBA007EA879 /* Release */,
			);
			defaultConfigurationIsVisible = 0;
			defaultConfigurationName = Release;
		};
		98F9DB7C20C91BBA007EA879 /* Build configuration list for PBXNativeTarget "BiometricLocalAuth" */ = {
			isa = XCConfigurationList;
			buildConfigurations = (
				98F9DB7D20C91BBA007EA879 /* Debug */,
				98F9DB7E20C91BBA007EA879 /* Release */,
			);
			defaultConfigurationIsVisible = 0;
			defaultConfigurationName = Release;
		};
/* End XCConfigurationList section */
	};
	rootObject = 98F9DB4C20C91BB9007EA879 /* Project object */;
}
